// !$*UTF8*$!
{
	archiveVersion = 1;
	classes = {
	};
	objectVersion = 50;
	objects = {

/* Begin PBXBuildFile section */
		26398132242A53A9009AA483 /* RestorationIdentifierTextField.swift in Sources */ = {isa = PBXBuildFile; fileRef = 26398131242A53A9009AA483 /* RestorationIdentifierTextField.swift */; };
		26398134242A6313009AA483 /* CharactersChecking.swift in Sources */ = {isa = PBXBuildFile; fileRef = 26398133242A6313009AA483 /* CharactersChecking.swift */; };
		26398136242A633F009AA483 /* Check.swift in Sources */ = {isa = PBXBuildFile; fileRef = 26398135242A633F009AA483 /* Check.swift */; };
		2646D5F2242A774A002AA93E /* SaveServise.swift in Sources */ = {isa = PBXBuildFile; fileRef = 2646D5F1242A774A002AA93E /* SaveServise.swift */; };
		2646D5F4242A7763002AA93E /* ReadServise.swift in Sources */ = {isa = PBXBuildFile; fileRef = 2646D5F3242A7763002AA93E /* ReadServise.swift */; };
		2646D5F6242A7889002AA93E /* UserDefaultServise.swift in Sources */ = {isa = PBXBuildFile; fileRef = 2646D5F5242A7889002AA93E /* UserDefaultServise.swift */; };
		269A198F241D208700228722 /* SignInPresenter.swift in Sources */ = {isa = PBXBuildFile; fileRef = 269A1989241D208700228722 /* SignInPresenter.swift */; };
		269A1990241D208700228722 /* SignInRouter.swift in Sources */ = {isa = PBXBuildFile; fileRef = 269A198A241D208700228722 /* SignInRouter.swift */; };
		269A1991241D208700228722 /* SignInViewController.swift in Sources */ = {isa = PBXBuildFile; fileRef = 269A198B241D208700228722 /* SignInViewController.swift */; };
		269A1992241D208700228722 /* SignInProtocols.swift in Sources */ = {isa = PBXBuildFile; fileRef = 269A198C241D208700228722 /* SignInProtocols.swift */; };
		269A1993241D208700228722 /* SignInInteractor.swift in Sources */ = {isa = PBXBuildFile; fileRef = 269A198D241D208700228722 /* SignInInteractor.swift */; };
		269A1994241D208700228722 /* SignInViewController.xib in Resources */ = {isa = PBXBuildFile; fileRef = 269A198E241D208700228722 /* SignInViewController.xib */; };
		A4326CF823D04DCE00035329 /* SignUpInteractor.swift in Sources */ = {isa = PBXBuildFile; fileRef = A4326CF223D04DCE00035329 /* SignUpInteractor.swift */; };
		A4326CF923D04DCE00035329 /* SignUpPresenter.swift in Sources */ = {isa = PBXBuildFile; fileRef = A4326CF323D04DCE00035329 /* SignUpPresenter.swift */; };
		A4326CFA23D04DCE00035329 /* SignUpProtocols.swift in Sources */ = {isa = PBXBuildFile; fileRef = A4326CF423D04DCE00035329 /* SignUpProtocols.swift */; };
		A4326CFB23D04DCE00035329 /* SignUpRouter.swift in Sources */ = {isa = PBXBuildFile; fileRef = A4326CF523D04DCE00035329 /* SignUpRouter.swift */; };
		A4326CFC23D04DCE00035329 /* SignUpViewController.swift in Sources */ = {isa = PBXBuildFile; fileRef = A4326CF623D04DCE00035329 /* SignUpViewController.swift */; };
		A4326CFD23D04DCE00035329 /* SignUpViewController.xib in Resources */ = {isa = PBXBuildFile; fileRef = A4326CF723D04DCE00035329 /* SignUpViewController.xib */; };
		A43C6B9223CF189600C188BB /* AppDelegate.swift in Sources */ = {isa = PBXBuildFile; fileRef = A43C6B9123CF189600C188BB /* AppDelegate.swift */; };
		A43C6B9723CF189600C188BB /* Main.storyboard in Resources */ = {isa = PBXBuildFile; fileRef = A43C6B9523CF189600C188BB /* Main.storyboard */; };
		A43C6B9923CF189A00C188BB /* Assets.xcassets in Resources */ = {isa = PBXBuildFile; fileRef = A43C6B9823CF189A00C188BB /* Assets.xcassets */; };
		A43C6B9C23CF189A00C188BB /* LaunchScreen.storyboard in Resources */ = {isa = PBXBuildFile; fileRef = A43C6B9A23CF189A00C188BB /* LaunchScreen.storyboard */; };
		A4D50AAB23D30310007273BA /* LoginModel.swift in Sources */ = {isa = PBXBuildFile; fileRef = A4D50AAA23D30310007273BA /* LoginModel.swift */; };
/* End PBXBuildFile section */

/* Begin PBXFileReference section */
		26398131242A53A9009AA483 /* RestorationIdentifierTextField.swift */ = {isa = PBXFileReference; lastKnownFileType = sourcecode.swift; path = RestorationIdentifierTextField.swift; sourceTree = "<group>"; };
		26398133242A6313009AA483 /* CharactersChecking.swift */ = {isa = PBXFileReference; lastKnownFileType = sourcecode.swift; path = CharactersChecking.swift; sourceTree = "<group>"; };
		26398135242A633F009AA483 /* Check.swift */ = {isa = PBXFileReference; lastKnownFileType = sourcecode.swift; path = Check.swift; sourceTree = "<group>"; };
		2646D5F1242A774A002AA93E /* SaveServise.swift */ = {isa = PBXFileReference; lastKnownFileType = sourcecode.swift; path = SaveServise.swift; sourceTree = "<group>"; };
		2646D5F3242A7763002AA93E /* ReadServise.swift */ = {isa = PBXFileReference; lastKnownFileType = sourcecode.swift; path = ReadServise.swift; sourceTree = "<group>"; };
		2646D5F5242A7889002AA93E /* UserDefaultServise.swift */ = {isa = PBXFileReference; lastKnownFileType = sourcecode.swift; path = UserDefaultServise.swift; sourceTree = "<group>"; };
		269A1989241D208700228722 /* SignInPresenter.swift */ = {isa = PBXFileReference; lastKnownFileType = sourcecode.swift; path = SignInPresenter.swift; sourceTree = "<group>"; };
		269A198A241D208700228722 /* SignInRouter.swift */ = {isa = PBXFileReference; lastKnownFileType = sourcecode.swift; path = SignInRouter.swift; sourceTree = "<group>"; };
		269A198B241D208700228722 /* SignInViewController.swift */ = {isa = PBXFileReference; lastKnownFileType = sourcecode.swift; path = SignInViewController.swift; sourceTree = "<group>"; };
		269A198C241D208700228722 /* SignInProtocols.swift */ = {isa = PBXFileReference; lastKnownFileType = sourcecode.swift; path = SignInProtocols.swift; sourceTree = "<group>"; };
		269A198D241D208700228722 /* SignInInteractor.swift */ = {isa = PBXFileReference; lastKnownFileType = sourcecode.swift; path = SignInInteractor.swift; sourceTree = "<group>"; };
		269A198E241D208700228722 /* SignInViewController.xib */ = {isa = PBXFileReference; lastKnownFileType = file.xib; path = SignInViewController.xib; sourceTree = "<group>"; };
		A4326CF223D04DCE00035329 /* SignUpInteractor.swift */ = {isa = PBXFileReference; lastKnownFileType = sourcecode.swift; path = SignUpInteractor.swift; sourceTree = "<group>"; };
		A4326CF323D04DCE00035329 /* SignUpPresenter.swift */ = {isa = PBXFileReference; lastKnownFileType = sourcecode.swift; path = SignUpPresenter.swift; sourceTree = "<group>"; };
		A4326CF423D04DCE00035329 /* SignUpProtocols.swift */ = {isa = PBXFileReference; lastKnownFileType = sourcecode.swift; path = SignUpProtocols.swift; sourceTree = "<group>"; };
		A4326CF523D04DCE00035329 /* SignUpRouter.swift */ = {isa = PBXFileReference; lastKnownFileType = sourcecode.swift; path = SignUpRouter.swift; sourceTree = "<group>"; };
		A4326CF623D04DCE00035329 /* SignUpViewController.swift */ = {isa = PBXFileReference; lastKnownFileType = sourcecode.swift; path = SignUpViewController.swift; sourceTree = "<group>"; };
		A4326CF723D04DCE00035329 /* SignUpViewController.xib */ = {isa = PBXFileReference; lastKnownFileType = file.xib; path = SignUpViewController.xib; sourceTree = "<group>"; };
		A43C6B8E23CF189600C188BB /* LoginScreen.app */ = {isa = PBXFileReference; explicitFileType = wrapper.application; includeInIndex = 0; path = LoginScreen.app; sourceTree = BUILT_PRODUCTS_DIR; };
		A43C6B9123CF189600C188BB /* AppDelegate.swift */ = {isa = PBXFileReference; lastKnownFileType = sourcecode.swift; path = AppDelegate.swift; sourceTree = "<group>"; };
		A43C6B9623CF189600C188BB /* Base */ = {isa = PBXFileReference; lastKnownFileType = file.storyboard; name = Base; path = Base.lproj/Main.storyboard; sourceTree = "<group>"; };
		A43C6B9823CF189A00C188BB /* Assets.xcassets */ = {isa = PBXFileReference; lastKnownFileType = folder.assetcatalog; path = Assets.xcassets; sourceTree = "<group>"; };
		A43C6B9B23CF189A00C188BB /* Base */ = {isa = PBXFileReference; lastKnownFileType = file.storyboard; name = Base; path = Base.lproj/LaunchScreen.storyboard; sourceTree = "<group>"; };
		A43C6B9D23CF189A00C188BB /* Info.plist */ = {isa = PBXFileReference; lastKnownFileType = text.plist.xml; path = Info.plist; sourceTree = "<group>"; };
		A4D50AAA23D30310007273BA /* LoginModel.swift */ = {isa = PBXFileReference; lastKnownFileType = sourcecode.swift; path = LoginModel.swift; sourceTree = "<group>"; };
/* End PBXFileReference section */

/* Begin PBXFrameworksBuildPhase section */
		A43C6B8B23CF189600C188BB /* Frameworks */ = {
			isa = PBXFrameworksBuildPhase;
			buildActionMask = 2147483647;
			files = (
			);
			runOnlyForDeploymentPostprocessing = 0;
		};
/* End PBXFrameworksBuildPhase section */

/* Begin PBXGroup section */
		269A1995241D27A100228722 /* View */ = {
			isa = PBXGroup;
			children = (
				26E81C6B241FFF7F004ADCBD /* PasswordView */,
				269A1996241D28BC00228722 /* Sign */,
			);
			path = View;
			sourceTree = "<group>";
		};
		269A1996241D28BC00228722 /* Sign */ = {
			isa = PBXGroup;
			children = (
			);
			path = Sign;
			sourceTree = "<group>";
		};
		26BE14DF241D1A2D00B69EFC /* Modules */ = {
			isa = PBXGroup;
			children = (
				26BE14E0241D1A7600B69EFC /* SignIn */,
				A4326CF123D04D9300035329 /* SignUp */,
			);
			path = Modules;
			sourceTree = "<group>";
		};
		26BE14E0241D1A7600B69EFC /* SignIn */ = {
			isa = PBXGroup;
			children = (
				269A1989241D208700228722 /* SignInPresenter.swift */,
				269A198A241D208700228722 /* SignInRouter.swift */,
				269A198B241D208700228722 /* SignInViewController.swift */,
				269A198C241D208700228722 /* SignInProtocols.swift */,
				269A198D241D208700228722 /* SignInInteractor.swift */,
				269A198E241D208700228722 /* SignInViewController.xib */,
			);
			path = SignIn;
			sourceTree = "<group>";
		};
		26BE14E1241D1AE300B69EFC /* Servises */ = {
			isa = PBXGroup;
			children = (
				2646D5F1242A774A002AA93E /* SaveServise.swift */,
				2646D5F3242A7763002AA93E /* ReadServise.swift */,
				2646D5F5242A7889002AA93E /* UserDefaultServise.swift */,
			);
			path = Servises;
			sourceTree = "<group>";
		};
		26E81C6B241FFF7F004ADCBD /* PasswordView */ = {
			isa = PBXGroup;
			children = (
			);
			path = PasswordView;
			sourceTree = "<group>";
		};
		A4326CF123D04D9300035329 /* SignUp */ = {
			isa = PBXGroup;
			children = (
				A4326CF223D04DCE00035329 /* SignUpInteractor.swift */,
				A4326CF323D04DCE00035329 /* SignUpPresenter.swift */,
				A4326CF423D04DCE00035329 /* SignUpProtocols.swift */,
				A4326CF523D04DCE00035329 /* SignUpRouter.swift */,
				A4326CF623D04DCE00035329 /* SignUpViewController.swift */,
				A4326CF723D04DCE00035329 /* SignUpViewController.xib */,
			);
			path = SignUp;
			sourceTree = "<group>";
		};
		A4326CFE23D04DDC00035329 /* AppServise */ = {
			isa = PBXGroup;
			children = (
				A43C6B9123CF189600C188BB /* AppDelegate.swift */,
				A43C6B9823CF189A00C188BB /* Assets.xcassets */,
				A43C6B9523CF189600C188BB /* Main.storyboard */,
				A43C6B9A23CF189A00C188BB /* LaunchScreen.storyboard */,
			);
			path = AppServise;
			sourceTree = "<group>";
		};
		A43C6B8523CF189600C188BB = {
			isa = PBXGroup;
			children = (
				A43C6B9023CF189600C188BB /* LoginScreen */,
				A43C6B8F23CF189600C188BB /* Products */,
			);
			sourceTree = "<group>";
		};
		A43C6B8F23CF189600C188BB /* Products */ = {
			isa = PBXGroup;
			children = (
				A43C6B8E23CF189600C188BB /* LoginScreen.app */,
			);
			name = Products;
			sourceTree = "<group>";
		};
		A43C6B9023CF189600C188BB /* LoginScreen */ = {
			isa = PBXGroup;
			children = (
				269A1995241D27A100228722 /* View */,
				A4326CFE23D04DDC00035329 /* AppServise */,
				A4D50AA923D302F3007273BA /* Model */,
				26BE14DF241D1A2D00B69EFC /* Modules */,
				26BE14E1241D1AE300B69EFC /* Servises */,
				A43C6B9D23CF189A00C188BB /* Info.plist */,
			);
			path = LoginScreen;
			sourceTree = "<group>";
		};
		A4D50AA923D302F3007273BA /* Model */ = {
			isa = PBXGroup;
			children = (
				A4D50AAA23D30310007273BA /* LoginModel.swift */,
				26398131242A53A9009AA483 /* RestorationIdentifierTextField.swift */,
				26398133242A6313009AA483 /* CharactersChecking.swift */,
				26398135242A633F009AA483 /* Check.swift */,
			);
			path = Model;
			sourceTree = "<group>";
		};
/* End PBXGroup section */

/* Begin PBXNativeTarget section */
		A43C6B8D23CF189600C188BB /* LoginScreen */ = {
			isa = PBXNativeTarget;
			buildConfigurationList = A43C6BA023CF189B00C188BB /* Build configuration list for PBXNativeTarget "LoginScreen" */;
			buildPhases = (
				A43C6B8A23CF189600C188BB /* Sources */,
				A43C6B8B23CF189600C188BB /* Frameworks */,
				A43C6B8C23CF189600C188BB /* Resources */,
			);
			buildRules = (
			);
			dependencies = (
			);
			name = LoginScreen;
			productName = LoginScreen;
			productReference = A43C6B8E23CF189600C188BB /* LoginScreen.app */;
			productType = "com.apple.product-type.application";
		};
/* End PBXNativeTarget section */

/* Begin PBXProject section */
		A43C6B8623CF189600C188BB /* Project object */ = {
			isa = PBXProject;
			attributes = {
				KnownAssetTags = (
					1,
					2,
				);
				LastSwiftUpdateCheck = 1010;
				LastUpgradeCheck = 1010;
				ORGANIZATIONNAME = Zyma;
				TargetAttributes = {
					A43C6B8D23CF189600C188BB = {
						CreatedOnToolsVersion = 10.1;
					};
				};
			};
			buildConfigurationList = A43C6B8923CF189600C188BB /* Build configuration list for PBXProject "LoginScreen" */;
			compatibilityVersion = "Xcode 9.3";
			developmentRegion = en;
			hasScannedForEncodings = 0;
			knownRegions = (
				en,
				Base,
			);
			mainGroup = A43C6B8523CF189600C188BB;
			productRefGroup = A43C6B8F23CF189600C188BB /* Products */;
			projectDirPath = "";
			projectRoot = "";
			targets = (
				A43C6B8D23CF189600C188BB /* LoginScreen */,
			);
		};
/* End PBXProject section */

/* Begin PBXResourcesBuildPhase section */
		A43C6B8C23CF189600C188BB /* Resources */ = {
			isa = PBXResourcesBuildPhase;
			buildActionMask = 2147483647;
			files = (
				269A1994241D208700228722 /* SignInViewController.xib in Resources */,
				A43C6B9C23CF189A00C188BB /* LaunchScreen.storyboard in Resources */,
				A43C6B9923CF189A00C188BB /* Assets.xcassets in Resources */,
				A4326CFD23D04DCE00035329 /* SignUpViewController.xib in Resources */,
				A43C6B9723CF189600C188BB /* Main.storyboard in Resources */,
			);
			runOnlyForDeploymentPostprocessing = 0;
		};
/* End PBXResourcesBuildPhase section */

/* Begin PBXSourcesBuildPhase section */
		A43C6B8A23CF189600C188BB /* Sources */ = {
			isa = PBXSourcesBuildPhase;
			buildActionMask = 2147483647;
			files = (
				269A1990241D208700228722 /* SignInRouter.swift in Sources */,
				269A1992241D208700228722 /* SignInProtocols.swift in Sources */,
				26398136242A633F009AA483 /* Check.swift in Sources */,
				A4326CFB23D04DCE00035329 /* SignUpRouter.swift in Sources */,
				A4D50AAB23D30310007273BA /* LoginModel.swift in Sources */,
				26398132242A53A9009AA483 /* RestorationIdentifierTextField.swift in Sources */,
				26398134242A6313009AA483 /* CharactersChecking.swift in Sources */,
				A4326CFC23D04DCE00035329 /* SignUpViewController.swift in Sources */,
				269A1991241D208700228722 /* SignInViewController.swift in Sources */,
				A4326CFA23D04DCE00035329 /* SignUpProtocols.swift in Sources */,
				2646D5F6242A7889002AA93E /* UserDefaultServise.swift in Sources */,
				A4326CF823D04DCE00035329 /* SignUpInteractor.swift in Sources */,
				A4326CF923D04DCE00035329 /* SignUpPresenter.swift in Sources */,
				2646D5F4242A7763002AA93E /* ReadServise.swift in Sources */,
				2646D5F2242A774A002AA93E /* SaveServise.swift in Sources */,
				269A198F241D208700228722 /* SignInPresenter.swift in Sources */,
				269A1993241D208700228722 /* SignInInteractor.swift in Sources */,
				A43C6B9223CF189600C188BB /* AppDelegate.swift in Sources */,
			);
			runOnlyForDeploymentPostprocessing = 0;
		};
/* End PBXSourcesBuildPhase section */

/* Begin PBXVariantGroup section */
		A43C6B9523CF189600C188BB /* Main.storyboard */ = {
			isa = PBXVariantGroup;
			children = (
				A43C6B9623CF189600C188BB /* Base */,
			);
			name = Main.storyboard;
			sourceTree = "<group>";
		};
		A43C6B9A23CF189A00C188BB /* LaunchScreen.storyboard */ = {
			isa = PBXVariantGroup;
			children = (
				A43C6B9B23CF189A00C188BB /* Base */,
			);
			name = LaunchScreen.storyboard;
			sourceTree = "<group>";
		};
/* End PBXVariantGroup section */

/* Begin XCBuildConfiguration section */
		A43C6B9E23CF189B00C188BB /* Debug */ = {
			isa = XCBuildConfiguration;
			buildSettings = {
				ALWAYS_SEARCH_USER_PATHS = NO;
				CLANG_ANALYZER_NONNULL = YES;
				CLANG_ANALYZER_NUMBER_OBJECT_CONVERSION = YES_AGGRESSIVE;
				CLANG_CXX_LANGUAGE_STANDARD = "gnu++14";
				CLANG_CXX_LIBRARY = "libc++";
				CLANG_ENABLE_MODULES = YES;
				CLANG_ENABLE_OBJC_ARC = YES;
				CLANG_ENABLE_OBJC_WEAK = YES;
				CLANG_WARN_BLOCK_CAPTURE_AUTORELEASING = YES;
				CLANG_WARN_BOOL_CONVERSION = YES;
				CLANG_WARN_COMMA = YES;
				CLANG_WARN_CONSTANT_CONVERSION = YES;
				CLANG_WARN_DEPRECATED_OBJC_IMPLEMENTATIONS = YES;
				CLANG_WARN_DIRECT_OBJC_ISA_USAGE = YES_ERROR;
				CLANG_WARN_DOCUMENTATION_COMMENTS = YES;
				CLANG_WARN_EMPTY_BODY = YES;
				CLANG_WARN_ENUM_CONVERSION = YES;
				CLANG_WARN_INFINITE_RECURSION = YES;
				CLANG_WARN_INT_CONVERSION = YES;
				CLANG_WARN_NON_LITERAL_NULL_CONVERSION = YES;
				CLANG_WARN_OBJC_IMPLICIT_RETAIN_SELF = YES;
				CLANG_WARN_OBJC_LITERAL_CONVERSION = YES;
				CLANG_WARN_OBJC_ROOT_CLASS = YES_ERROR;
				CLANG_WARN_RANGE_LOOP_ANALYSIS = YES;
				CLANG_WARN_STRICT_PROTOTYPES = YES;
				CLANG_WARN_SUSPICIOUS_MOVE = YES;
				CLANG_WARN_UNGUARDED_AVAILABILITY = YES_AGGRESSIVE;
				CLANG_WARN_UNREACHABLE_CODE = YES;
				CLANG_WARN__DUPLICATE_METHOD_MATCH = YES;
				CODE_SIGN_IDENTITY = "iPhone Developer";
				COPY_PHASE_STRIP = NO;
				DEBUG_INFORMATION_FORMAT = dwarf;
				ENABLE_STRICT_OBJC_MSGSEND = YES;
				ENABLE_TESTABILITY = YES;
				GCC_C_LANGUAGE_STANDARD = gnu11;
				GCC_DYNAMIC_NO_PIC = NO;
				GCC_NO_COMMON_BLOCKS = YES;
				GCC_OPTIMIZATION_LEVEL = 0;
				GCC_PREPROCESSOR_DEFINITIONS = (
					"DEBUG=1",
					"$(inherited)",
				);
				GCC_WARN_64_TO_32_BIT_CONVERSION = YES;
				GCC_WARN_ABOUT_RETURN_TYPE = YES_ERROR;
				GCC_WARN_UNDECLARED_SELECTOR = YES;
				GCC_WARN_UNINITIALIZED_AUTOS = YES_AGGRESSIVE;
				GCC_WARN_UNUSED_FUNCTION = YES;
				GCC_WARN_UNUSED_VARIABLE = YES;
				IPHONEOS_DEPLOYMENT_TARGET = 12.1;
				MTL_ENABLE_DEBUG_INFO = INCLUDE_SOURCE;
				MTL_FAST_MATH = YES;
				ONLY_ACTIVE_ARCH = YES;
				SDKROOT = iphoneos;
				SWIFT_ACTIVE_COMPILATION_CONDITIONS = DEBUG;
				SWIFT_OPTIMIZATION_LEVEL = "-Onone";
			};
			name = Debug;
		};
		A43C6B9F23CF189B00C188BB /* Release */ = {
			isa = XCBuildConfiguration;
			buildSettings = {
				ALWAYS_SEARCH_USER_PATHS = NO;
				CLANG_ANALYZER_NONNULL = YES;
				CLANG_ANALYZER_NUMBER_OBJECT_CONVERSION = YES_AGGRESSIVE;
				CLANG_CXX_LANGUAGE_STANDARD = "gnu++14";
				CLANG_CXX_LIBRARY = "libc++";
				CLANG_ENABLE_MODULES = YES;
				CLANG_ENABLE_OBJC_ARC = YES;
				CLANG_ENABLE_OBJC_WEAK = YES;
				CLANG_WARN_BLOCK_CAPTURE_AUTORELEASING = YES;
				CLANG_WARN_BOOL_CONVERSION = YES;
				CLANG_WARN_COMMA = YES;
				CLANG_WARN_CONSTANT_CONVERSION = YES;
				CLANG_WARN_DEPRECATED_OBJC_IMPLEMENTATIONS = YES;
				CLANG_WARN_DIRECT_OBJC_ISA_USAGE = YES_ERROR;
				CLANG_WARN_DOCUMENTATION_COMMENTS = YES;
				CLANG_WARN_EMPTY_BODY = YES;
				CLANG_WARN_ENUM_CONVERSION = YES;
				CLANG_WARN_INFINITE_RECURSION = YES;
				CLANG_WARN_INT_CONVERSION = YES;
				CLANG_WARN_NON_LITERAL_NULL_CONVERSION = YES;
				CLANG_WARN_OBJC_IMPLICIT_RETAIN_SELF = YES;
				CLANG_WARN_OBJC_LITERAL_CONVERSION = YES;
				CLANG_WARN_OBJC_ROOT_CLASS = YES_ERROR;
				CLANG_WARN_RANGE_LOOP_ANALYSIS = YES;
				CLANG_WARN_STRICT_PROTOTYPES = YES;
				CLANG_WARN_SUSPICIOUS_MOVE = YES;
				CLANG_WARN_UNGUARDED_AVAILABILITY = YES_AGGRESSIVE;
				CLANG_WARN_UNREACHABLE_CODE = YES;
				CLANG_WARN__DUPLICATE_METHOD_MATCH = YES;
				CODE_SIGN_IDENTITY = "iPhone Developer";
				COPY_PHASE_STRIP = NO;
				DEBUG_INFORMATION_FORMAT = "dwarf-with-dsym";
				ENABLE_NS_ASSERTIONS = NO;
				ENABLE_STRICT_OBJC_MSGSEND = YES;
				GCC_C_LANGUAGE_STANDARD = gnu11;
				GCC_NO_COMMON_BLOCKS = YES;
				GCC_WARN_64_TO_32_BIT_CONVERSION = YES;
				GCC_WARN_ABOUT_RETURN_TYPE = YES_ERROR;
				GCC_WARN_UNDECLARED_SELECTOR = YES;
				GCC_WARN_UNINITIALIZED_AUTOS = YES_AGGRESSIVE;
				GCC_WARN_UNUSED_FUNCTION = YES;
				GCC_WARN_UNUSED_VARIABLE = YES;
				IPHONEOS_DEPLOYMENT_TARGET = 12.1;
				MTL_ENABLE_DEBUG_INFO = NO;
				MTL_FAST_MATH = YES;
				SDKROOT = iphoneos;
				SWIFT_COMPILATION_MODE = wholemodule;
				SWIFT_OPTIMIZATION_LEVEL = "-O";
				VALIDATE_PRODUCT = YES;
			};
			name = Release;
		};
		A43C6BA123CF189B00C188BB /* Debug */ = {
			isa = XCBuildConfiguration;
			buildSettings = {
				ASSETCATALOG_COMPILER_APPICON_NAME = AppIcon;
				CODE_SIGN_STYLE = Automatic;
				INFOPLIST_FILE = LoginScreen/Info.plist;
				LD_RUNPATH_SEARCH_PATHS = (
					"$(inherited)",
					"@executable_path/Frameworks",
				);
				PRODUCT_BUNDLE_IDENTIFIER = EPAM.LoginScreen;
				PRODUCT_NAME = "$(TARGET_NAME)";
				SWIFT_VERSION = 4.2;
				TARGETED_DEVICE_FAMILY = "1,2";
			};
			name = Debug;
		};
		A43C6BA223CF189B00C188BB /* Release */ = {
			isa = XCBuildConfiguration;
			buildSettings = {
				ASSETCATALOG_COMPILER_APPICON_NAME = AppIcon;
				CODE_SIGN_STYLE = Automatic;
				INFOPLIST_FILE = LoginScreen/Info.plist;
				LD_RUNPATH_SEARCH_PATHS = (
					"$(inherited)",
					"@executable_path/Frameworks",
				);
				PRODUCT_BUNDLE_IDENTIFIER = EPAM.LoginScreen;
				PRODUCT_NAME = "$(TARGET_NAME)";
				SWIFT_VERSION = 4.2;
				TARGETED_DEVICE_FAMILY = "1,2";
			};
			name = Release;
		};
/* End XCBuildConfiguration section */

/* Begin XCConfigurationList section */
		A43C6B8923CF189600C188BB /* Build configuration list for PBXProject "LoginScreen" */ = {
			isa = XCConfigurationList;
			buildConfigurations = (
				A43C6B9E23CF189B00C188BB /* Debug */,
				A43C6B9F23CF189B00C188BB /* Release */,
			);
			defaultConfigurationIsVisible = 0;
			defaultConfigurationName = Release;
		};
		A43C6BA023CF189B00C188BB /* Build configuration list for PBXNativeTarget "LoginScreen" */ = {
			isa = XCConfigurationList;
			buildConfigurations = (
				A43C6BA123CF189B00C188BB /* Debug */,
				A43C6BA223CF189B00C188BB /* Release */,
			);
			defaultConfigurationIsVisible = 0;
			defaultConfigurationName = Release;
		};
/* End XCConfigurationList section */
	};
	rootObject = A43C6B8623CF189600C188BB /* Project object */;
}
